
Microsoft Visual Studio Solution File, Format Version 12.00
# Visual Studio 15
VisualStudioVersion = 15.0.27703.2035
MinimumVisualStudioVersion = 10.0.40219.1
Project("{9A19103F-16F7-4668-BE54-9A1E7A4F7556}") = "Aes", "Aes.csproj", "{FBC6B306-55A3-41BE-A8DE-DC61F20CA3CC}"
EndProject
Global
	GlobalSection(SolutionConfigurationPlatforms) = preSolution
		Debug|Any CPU = Debug|Any CPU
		Release|Any CPU = Release|Any CPU
	EndGlobalSection
	GlobalSection(ProjectConfigurationPlatforms) = postSolution
		{FBC6B306-55A3-41BE-A8DE-DC61F20CA3CC}.Debug|Any CPU.ActiveCfg = Debug|Any CPU
		{FBC6B306-55A3-41BE-A8DE-DC61F20CA3CC}.Debug|Any CPU.Build.0 = Debug|Any CPU
		{FBC6B306-55A3-41BE-A8DE-DC61F20CA3CC}.Release|Any CPU.ActiveCfg = Release|Any CPU
		{FBC6B306-55A3-41BE-A8DE-DC61F20CA3CC}.Release|Any CPU.Build.0 = Release|Any CPU
	EndGlobalSection
	GlobalSection(SolutionProperties) = preSolution
		HideSolutionNode = FALSE
	EndGlobalSection
	GlobalSection(ExtensibilityGlobals) = postSolution
		SolutionGuid = {85C07578-96A4-4E2F-9120-E8502847C954}
	EndGlobalSection
EndGlobal
